// !$*UTF8*$!
{
	archiveVersion = 1;
	classes = {
	};
	objectVersion = 77;
	objects = {

/* Begin PBXBuildFile section */
		0A4421A9DF9904DB00F3B520 /* DatingCoreBridge.swift in Sources */ = {isa = PBXBuildFile; fileRef = 26D43B36141393B6CFA53109 /* DatingCoreBridge.swift */; };
		11D5BBB163B25E04B7B63AE6 /* StagingBannerView.swift in Sources */ = {isa = PBXBuildFile; fileRef = 8478F4413145A2DAB3A80EA9 /* StagingBannerView.swift */; };
		2354FE7909E4B6E7398E1CF7 /* SafetySettingsViews.swift in Sources */ = {isa = PBXBuildFile; fileRef = E45D1A031000F4F3E6BBB68A /* SafetySettingsViews.swift */; };
		6DF287BD7798C102AF1AB4F5 /* AgeGateView.swift in Sources */ = {isa = PBXBuildFile; fileRef = 8563A6F3C45F13542486B486 /* AgeGateView.swift */; };
		76721EE78785001D2C713B30 /* AppModel.swift in Sources */ = {isa = PBXBuildFile; fileRef = 19D86BC66452D6D3BF8D6638 /* AppModel.swift */; };
		AC39CB23D950DE5D1C9FA20F /* SwipeDeckView.swift in Sources */ = {isa = PBXBuildFile; fileRef = 3E3F36F2970BE803511349FD /* SwipeDeckView.swift */; };
		B04E751AA18C374BE3C459DE /* SwipeDatingApp.swift in Sources */ = {isa = PBXBuildFile; fileRef = 1336540E5EEB48CEF7E19E4B /* SwipeDatingApp.swift */; };
		BA4B268EB198BD6DF13CFC3F /* MatchesViews.swift in Sources */ = {isa = PBXBuildFile; fileRef = B950263DF62C1D6BEC8C5B7F /* MatchesViews.swift */; };
		E171B455F1B8A3E25A0A38EF /* OnboardingScreens.swift in Sources */ = {isa = PBXBuildFile; fileRef = 3495FDACAB6BB17E9BE0BDFE /* OnboardingScreens.swift */; };
		F18A349B21A96FA23499F7FB /* RootFlowView.swift in Sources */ = {isa = PBXBuildFile; fileRef = 8D27C8E6AC3C3DA09B76F2F7 /* RootFlowView.swift */; };
/* End PBXBuildFile section */

/* Begin PBXFileReference section */
		1336540E5EEB48CEF7E19E4B /* SwipeDatingApp.swift */ = {isa = PBXFileReference; lastKnownFileType = sourcecode.swift; path = SwipeDatingApp.swift; sourceTree = "<group>"; };
		19D86BC66452D6D3BF8D6638 /* AppModel.swift */ = {isa = PBXFileReference; lastKnownFileType = sourcecode.swift; path = AppModel.swift; sourceTree = "<group>"; };
		26D43B36141393B6CFA53109 /* DatingCoreBridge.swift */ = {isa = PBXFileReference; lastKnownFileType = sourcecode.swift; path = DatingCoreBridge.swift; sourceTree = "<group>"; };
		3495FDACAB6BB17E9BE0BDFE /* OnboardingScreens.swift */ = {isa = PBXFileReference; lastKnownFileType = sourcecode.swift; path = OnboardingScreens.swift; sourceTree = "<group>"; };
		3E3F36F2970BE803511349FD /* SwipeDeckView.swift */ = {isa = PBXFileReference; lastKnownFileType = sourcecode.swift; path = SwipeDeckView.swift; sourceTree = "<group>"; };
		7639ACEED9AD1AEFF61C2DDC /* Info.plist */ = {isa = PBXFileReference; lastKnownFileType = text.plist; path = Info.plist; sourceTree = "<group>"; };
		8478F4413145A2DAB3A80EA9 /* StagingBannerView.swift */ = {isa = PBXFileReference; lastKnownFileType = sourcecode.swift; path = StagingBannerView.swift; sourceTree = "<group>"; };
		8563A6F3C45F13542486B486 /* AgeGateView.swift */ = {isa = PBXFileReference; lastKnownFileType = sourcecode.swift; path = AgeGateView.swift; sourceTree = "<group>"; };
		8D27C8E6AC3C3DA09B76F2F7 /* RootFlowView.swift */ = {isa = PBXFileReference; lastKnownFileType = sourcecode.swift; path = RootFlowView.swift; sourceTree = "<group>"; };
		ADA84CF26C66808700DB95CF /* SwipeDating.app */ = {isa = PBXFileReference; includeInIndex = 0; lastKnownFileType = wrapper.application; path = SwipeDating.app; sourceTree = BUILT_PRODUCTS_DIR; };
		B950263DF62C1D6BEC8C5B7F /* MatchesViews.swift */ = {isa = PBXFileReference; lastKnownFileType = sourcecode.swift; path = MatchesViews.swift; sourceTree = "<group>"; };
		E45D1A031000F4F3E6BBB68A /* SafetySettingsViews.swift */ = {isa = PBXFileReference; lastKnownFileType = sourcecode.swift; path = SafetySettingsViews.swift; sourceTree = "<group>"; };
/* End PBXFileReference section */

/* Begin PBXGroup section */
		52E25F216AD4AD1E84417E18 /* App */ = {
			isa = PBXGroup;
			children = (
				7639ACEED9AD1AEFF61C2DDC /* Info.plist */,
				1336540E5EEB48CEF7E19E4B /* SwipeDatingApp.swift */,
			);
			path = App;
			sourceTree = "<group>";
		};
		7BA26F3AB8E16A400F96B867 = {
			isa = PBXGroup;
			children = (
				52E25F216AD4AD1E84417E18 /* App */,
				D466B85C828F90B0CE0E9C65 /* Sources */,
				ACF886BE2E6900232B5A5174 /* Products */,
			);
			sourceTree = "<group>";
		};
		ACF886BE2E6900232B5A5174 /* Products */ = {
			isa = PBXGroup;
			children = (
				ADA84CF26C66808700DB95CF /* SwipeDating.app */,
			);
			name = Products;
			sourceTree = "<group>";
		};
		D466B85C828F90B0CE0E9C65 /* Sources */ = {
			isa = PBXGroup;
			children = (
				8563A6F3C45F13542486B486 /* AgeGateView.swift */,
				19D86BC66452D6D3BF8D6638 /* AppModel.swift */,
				26D43B36141393B6CFA53109 /* DatingCoreBridge.swift */,
				B950263DF62C1D6BEC8C5B7F /* MatchesViews.swift */,
				3495FDACAB6BB17E9BE0BDFE /* OnboardingScreens.swift */,
				8D27C8E6AC3C3DA09B76F2F7 /* RootFlowView.swift */,
				E45D1A031000F4F3E6BBB68A /* SafetySettingsViews.swift */,
				8478F4413145A2DAB3A80EA9 /* StagingBannerView.swift */,
				3E3F36F2970BE803511349FD /* SwipeDeckView.swift */,
			);
			path = Sources;
			sourceTree = "<group>";
		};
/* End PBXGroup section */

/* Begin PBXNativeTarget section */
		E11A2DFEE55261FAA7134318 /* SwipeDating */ = {
			isa = PBXNativeTarget;
			buildConfigurationList = 3EAC7AB9E05C3CA5CDF64292 /* Build configuration list for PBXNativeTarget "SwipeDating" */;
			buildPhases = (
				A58E470B6242D172817B2F7B /* Sources */,
			);
			buildRules = (
			);
			dependencies = (
			);
			name = SwipeDating;
			packageProductDependencies = (
			);
			productName = SwipeDating;
			productReference = ADA84CF26C66808700DB95CF /* SwipeDating.app */;
			productType = "com.apple.product-type.application";
		};
/* End PBXNativeTarget section */

/* Begin PBXProject section */
		BF63FE59D1061E56EFF0DE10 /* Project object */ = {
			isa = PBXProject;
			attributes = {
				BuildIndependentTargetsInParallel = YES;
				LastUpgradeCheck = 1430;
				TargetAttributes = {
					E11A2DFEE55261FAA7134318 = {
						DevelopmentTeam = "";
						ProvisioningStyle = Automatic;
					};
				};
			};
			buildConfigurationList = FE5FA8B799B1C6ED5549C0C3 /* Build configuration list for PBXProject "SwipeDating" */;
			developmentRegion = en;
			hasScannedForEncodings = 0;
			knownRegions = (
				Base,
				en,
			);
			mainGroup = 7BA26F3AB8E16A400F96B867;
			minimizedProjectReferenceProxies = 1;
			preferredProjectObjectVersion = 77;
			productRefGroup = ACF886BE2E6900232B5A5174 /* Products */;
			projectDirPath = "";
			projectRoot = "";
			targets = (
				E11A2DFEE55261FAA7134318 /* SwipeDating */,
			);
		};
/* End PBXProject section */

/* Begin PBXSourcesBuildPhase section */
		A58E470B6242D172817B2F7B /* Sources */ = {
			isa = PBXSourcesBuildPhase;
			buildActionMask = 2147483647;
			files = (
				6DF287BD7798C102AF1AB4F5 /* AgeGateView.swift in Sources */,
				76721EE78785001D2C713B30 /* AppModel.swift in Sources */,
				0A4421A9DF9904DB00F3B520 /* DatingCoreBridge.swift in Sources */,
				BA4B268EB198BD6DF13CFC3F /* MatchesViews.swift in Sources */,
				E171B455F1B8A3E25A0A38EF /* OnboardingScreens.swift in Sources */,
				F18A349B21A96FA23499F7FB /* RootFlowView.swift in Sources */,
				2354FE7909E4B6E7398E1CF7 /* SafetySettingsViews.swift in Sources */,
				11D5BBB163B25E04B7B63AE6 /* StagingBannerView.swift in Sources */,
				B04E751AA18C374BE3C459DE /* SwipeDatingApp.swift in Sources */,
				AC39CB23D950DE5D1C9FA20F /* SwipeDeckView.swift in Sources */,
			);
			runOnlyForDeploymentPostprocessing = 0;
		};
/* End PBXSourcesBuildPhase section */

/* Begin XCBuildConfiguration section */
		7C2BE39EAF6748D131C9CFE8 /* Debug */ = {
			isa = XCBuildConfiguration;
			buildSettings = {
				ALWAYS_SEARCH_USER_PATHS = NO;
				CLANG_ANALYZER_NONNULL = YES;
				CLANG_ANALYZER_NUMBER_OBJECT_CONVERSION = YES_AGGRESSIVE;
				CLANG_CXX_LANGUAGE_STANDARD = "gnu++14";
				CLANG_CXX_LIBRARY = "libc++";
				CLANG_ENABLE_MODULES = YES;
				CLANG_ENABLE_OBJC_ARC = YES;
				CLANG_ENABLE_OBJC_WEAK = YES;
				CLANG_WARN_BLOCK_CAPTURE_AUTORELEASING = YES;
				CLANG_WARN_BOOL_CONVERSION = YES;
				CLANG_WARN_COMMA = YES;
				CLANG_WARN_CONSTANT_CONVERSION = YES;
				CLANG_WARN_DEPRECATED_OBJC_IMPLEMENTATIONS = YES;
				CLANG_WARN_DIRECT_OBJC_ISA_USAGE = YES_ERROR;
				CLANG_WARN_DOCUMENTATION_COMMENTS = YES;
				CLANG_WARN_EMPTY_BODY = YES;
				CLANG_WARN_ENUM_CONVERSION = YES;
				CLANG_WARN_INFINITE_RECURSION = YES;
				CLANG_WARN_INT_CONVERSION = YES;
				CLANG_WARN_NON_LITERAL_NULL_CONVERSION = YES;
				CLANG_WARN_OBJC_IMPLICIT_RETAIN_SELF = YES;
				CLANG_WARN_OBJC_LITERAL_CONVERSION = YES;
				CLANG_WARN_OBJC_ROOT_CLASS = YES_ERROR;
				CLANG_WARN_QUOTED_INCLUDE_IN_FRAMEWORK_HEADER = YES;
				CLANG_WARN_RANGE_LOOP_ANALYSIS = YES;
				CLANG_WARN_STRICT_PROTOTYPES = YES;
				CLANG_WARN_SUSPICIOUS_MOVE = YES;
				CLANG_WARN_UNGUARDED_AVAILABILITY = YES_AGGRESSIVE;
				CLANG_WARN_UNREACHABLE_CODE = YES;
				CLANG_WARN__DUPLICATE_METHOD_MATCH = YES;
				CODE_SIGN_STYLE = Automatic;
				COPY_PHASE_STRIP = NO;
				DEBUG_INFORMATION_FORMAT = dwarf;
				DEVELOPMENT_TEAM = "";
				ENABLE_STRICT_OBJC_MSGSEND = YES;
				ENABLE_TESTABILITY = YES;
				GCC_C_LANGUAGE_STANDARD = gnu11;
				GCC_DYNAMIC_NO_PIC = NO;
				GCC_NO_COMMON_BLOCKS = YES;
				GCC_OPTIMIZATION_LEVEL = 0;
				GCC_PREPROCESSOR_DEFINITIONS = (
					"$(inherited)",
					"DEBUG=1",
				);
				GCC_WARN_64_TO_32_BIT_CONVERSION = YES;
				GCC_WARN_ABOUT_RETURN_TYPE = YES_ERROR;
				GCC_WARN_UNDECLARED_SELECTOR = YES;
				GCC_WARN_UNINITIALIZED_AUTOS = YES_AGGRESSIVE;
				GCC_WARN_UNUSED_FUNCTION = YES;
				GCC_WARN_UNUSED_VARIABLE = YES;
				IPHONEOS_DEPLOYMENT_TARGET = 17.0;
				MTL_ENABLE_DEBUG_INFO = INCLUDE_SOURCE;
				MTL_FAST_MATH = YES;
				ONLY_ACTIVE_ARCH = YES;
				PRODUCT_NAME = "$(TARGET_NAME)";
				SDKROOT = iphoneos;
				SWIFT_ACTIVE_COMPILATION_CONDITIONS = DEBUG;
				SWIFT_OPTIMIZATION_LEVEL = "-Onone";
				SWIFT_VERSION = 5.9;
			};
			name = Debug;
		};
		8E7A74C8213D8B8766667427 /* Release */ = {
			isa = XCBuildConfiguration;
			buildSettings = {
				ALWAYS_SEARCH_USER_PATHS = NO;
				CLANG_ANALYZER_NONNULL = YES;
				CLANG_ANALYZER_NUMBER_OBJECT_CONVERSION = YES_AGGRESSIVE;
				CLANG_CXX_LANGUAGE_STANDARD = "gnu++14";
				CLANG_CXX_LIBRARY = "libc++";
				CLANG_ENABLE_MODULES = YES;
				CLANG_ENABLE_OBJC_ARC = YES;
				CLANG_ENABLE_OBJC_WEAK = YES;
				CLANG_WARN_BLOCK_CAPTURE_AUTORELEASING = YES;
				CLANG_WARN_BOOL_CONVERSION = YES;
				CLANG_WARN_COMMA = YES;
				CLANG_WARN_CONSTANT_CONVERSION = YES;
				CLANG_WARN_DEPRECATED_OBJC_IMPLEMENTATIONS = YES;
				CLANG_WARN_DIRECT_OBJC_ISA_USAGE = YES_ERROR;
				CLANG_WARN_DOCUMENTATION_COMMENTS = YES;
				CLANG_WARN_EMPTY_BODY = YES;
				CLANG_WARN_ENUM_CONVERSION = YES;
				CLANG_WARN_INFINITE_RECURSION = YES;
				CLANG_WARN_INT_CONVERSION = YES;
				CLANG_WARN_NON_LITERAL_NULL_CONVERSION = YES;
				CLANG_WARN_OBJC_IMPLICIT_RETAIN_SELF = YES;
				CLANG_WARN_OBJC_LITERAL_CONVERSION = YES;
				CLANG_WARN_OBJC_ROOT_CLASS = YES_ERROR;
				CLANG_WARN_QUOTED_INCLUDE_IN_FRAMEWORK_HEADER = YES;
				CLANG_WARN_RANGE_LOOP_ANALYSIS = YES;
				CLANG_WARN_STRICT_PROTOTYPES = YES;
				CLANG_WARN_SUSPICIOUS_MOVE = YES;
				CLANG_WARN_UNGUARDED_AVAILABILITY = YES_AGGRESSIVE;
				CLANG_WARN_UNREACHABLE_CODE = YES;
				CLANG_WARN__DUPLICATE_METHOD_MATCH = YES;
				CODE_SIGN_STYLE = Automatic;
				COPY_PHASE_STRIP = NO;
				DEBUG_INFORMATION_FORMAT = "dwarf-with-dsym";
				DEVELOPMENT_TEAM = "";
				ENABLE_NS_ASSERTIONS = NO;
				ENABLE_STRICT_OBJC_MSGSEND = YES;
				GCC_C_LANGUAGE_STANDARD = gnu11;
				GCC_NO_COMMON_BLOCKS = YES;
				GCC_WARN_64_TO_32_BIT_CONVERSION = YES;
				GCC_WARN_ABOUT_RETURN_TYPE = YES_ERROR;
				GCC_WARN_UNDECLARED_SELECTOR = YES;
				GCC_WARN_UNINITIALIZED_AUTOS = YES_AGGRESSIVE;
				GCC_WARN_UNUSED_FUNCTION = YES;
				GCC_WARN_UNUSED_VARIABLE = YES;
				IPHONEOS_DEPLOYMENT_TARGET = 17.0;
				MTL_ENABLE_DEBUG_INFO = NO;
				MTL_FAST_MATH = YES;
				PRODUCT_NAME = "$(TARGET_NAME)";
				SDKROOT = iphoneos;
				SWIFT_COMPILATION_MODE = wholemodule;
				SWIFT_OPTIMIZATION_LEVEL = "-O";
				SWIFT_VERSION = 5.9;
			};
			name = Release;
		};
		9E14E10ECE2F6E888766463D /* Debug */ = {
			isa = XCBuildConfiguration;
			buildSettings = {
				ASSETCATALOG_COMPILER_APPICON_NAME = AppIcon;
				CODE_SIGN_IDENTITY = "iPhone Developer";
				CURRENT_PROJECT_VERSION = 1;
				GENERATE_INFOPLIST_FILE = NO;
				INFOPLIST_FILE = App/Info.plist;
				LD_RUNPATH_SEARCH_PATHS = (
					"$(inherited)",
					"@executable_path/Frameworks",
				);
				MARKETING_VERSION = 0.1.0;
				PRODUCT_BUNDLE_IDENTIFIER = org.example.localfirstdating.staging;
				PRODUCT_NAME = SwipeDating;
				SDKROOT = iphoneos;
				SUPPORTS_XR_DESIGNED_FOR_IPHONE_IPAD = NO;
				TARGETED_DEVICE_FAMILY = 1;
			};
			name = Debug;
		};
		FA363835A00FB0E5C9253A4B /* Release */ = {
			isa = XCBuildConfiguration;
			buildSettings = {
				ASSETCATALOG_COMPILER_APPICON_NAME = AppIcon;
				CODE_SIGN_IDENTITY = "iPhone Developer";
				CURRENT_PROJECT_VERSION = 1;
				GENERATE_INFOPLIST_FILE = NO;
				INFOPLIST_FILE = App/Info.plist;
				LD_RUNPATH_SEARCH_PATHS = (
					"$(inherited)",
					"@executable_path/Frameworks",
				);
				MARKETING_VERSION = 0.1.0;
				PRODUCT_BUNDLE_IDENTIFIER = org.example.localfirstdating.staging;
				PRODUCT_NAME = SwipeDating;
				SDKROOT = iphoneos;
				SUPPORTS_XR_DESIGNED_FOR_IPHONE_IPAD = NO;
				TARGETED_DEVICE_FAMILY = 1;
			};
			name = Release;
		};
/* End XCBuildConfiguration section */

/* Begin XCConfigurationList section */
		3EAC7AB9E05C3CA5CDF64292 /* Build configuration list for PBXNativeTarget "SwipeDating" */ = {
			isa = XCConfigurationList;
			buildConfigurations = (
				9E14E10ECE2F6E888766463D /* Debug */,
				FA363835A00FB0E5C9253A4B /* Release */,
			);
			defaultConfigurationIsVisible = 0;
			defaultConfigurationName = Debug;
		};
		FE5FA8B799B1C6ED5549C0C3 /* Build configuration list for PBXProject "SwipeDating" */ = {
			isa = XCConfigurationList;
			buildConfigurations = (
				7C2BE39EAF6748D131C9CFE8 /* Debug */,
				8E7A74C8213D8B8766667427 /* Release */,
			);
			defaultConfigurationIsVisible = 0;
			defaultConfigurationName = Debug;
		};
/* End XCConfigurationList section */
	};
	rootObject = BF63FE59D1061E56EFF0DE10 /* Project object */;
}
